// !$*UTF8*$!
{
	archiveVersion = 1;
	classes = {
	};
	objectVersion = 50;
	objects = {

/* Begin PBXBuildFile section */
		579DEC8C24052A7900BFB6EF /* AppDelegate.swift in Sources */ = {isa = PBXBuildFile; fileRef = 579DEC8B24052A7900BFB6EF /* AppDelegate.swift */; };
		579DEC8E24052A7900BFB6EF /* SceneDelegate.swift in Sources */ = {isa = PBXBuildFile; fileRef = 579DEC8D24052A7900BFB6EF /* SceneDelegate.swift */; };
		579DEC9024052A7900BFB6EF /* ViewController.swift in Sources */ = {isa = PBXBuildFile; fileRef = 579DEC8F24052A7900BFB6EF /* ViewController.swift */; };
		579DEC9324052A7900BFB6EF /* Main.storyboard in Resources */ = {isa = PBXBuildFile; fileRef = 579DEC9124052A7900BFB6EF /* Main.storyboard */; };
		579DEC9524052A7D00BFB6EF /* Assets.xcassets in Resources */ = {isa = PBXBuildFile; fileRef = 579DEC9424052A7D00BFB6EF /* Assets.xcassets */; };
		579DEC9824052A7D00BFB6EF /* LaunchScreen.storyboard in Resources */ = {isa = PBXBuildFile; fileRef = 579DEC9624052A7D00BFB6EF /* LaunchScreen.storyboard */; };
/* End PBXBuildFile section */

/* Begin PBXFileReference section */
		579DEC8824052A7900BFB6EF /* PagesPresent.app */ = {isa = PBXFileReference; explicitFileType = wrapper.application; includeInIndex = 0; path = PagesPresent.app; sourceTree = BUILT_PRODUCTS_DIR; };
		579DEC8B24052A7900BFB6EF /* AppDelegate.swift */ = {isa = PBXFileReference; lastKnownFileType = sourcecode.swift; path = AppDelegate.swift; sourceTree = "<group>"; };
		579DEC8D24052A7900BFB6EF /* SceneDelegate.swift */ = {isa = PBXFileReference; lastKnownFileType = sourcecode.swift; path = SceneDelegate.swift; sourceTree = "<group>"; };
		579DEC8F24052A7900BFB6EF /* ViewController.swift */ = {isa = PBXFileReference; lastKnownFileType = sourcecode.swift; path = ViewController.swift; sourceTree = "<group>"; };
		579DEC9224052A7900BFB6EF /* Base */ = {isa = PBXFileReference; lastKnownFileType = file.storyboard; name = Base; path = Base.lproj/Main.storyboard; sourceTree = "<group>"; };
		579DEC9424052A7D00BFB6EF /* Assets.xcassets */ = {isa = PBXFileReference; lastKnownFileType = folder.assetcatalog; path = Assets.xcassets; sourceTree = "<group>"; };
		579DEC9724052A7D00BFB6EF /* Base */ = {isa = PBXFileReference; lastKnownFileType = file.storyboard; name = Base; path = Base.lproj/LaunchScreen.storyboard; sourceTree = "<group>"; };
		579DEC9924052A7D00BFB6EF /* Info.plist */ = {isa = PBXFileReference; lastKnownFileType = text.plist.xml; path = Info.plist; sourceTree = "<group>"; };
/* End PBXFileReference section */

/* Begin PBXFrameworksBuildPhase section */
		579DEC8524052A7900BFB6EF /* Frameworks */ = {
			isa = PBXFrameworksBuildPhase;
			buildActionMask = 2147483647;
			files = (
			);
			runOnlyForDeploymentPostprocessing = 0;
		};
/* End PBXFrameworksBuildPhase section */

/* Begin PBXGroup section */
		579DEC7F24052A7900BFB6EF = {
			isa = PBXGroup;
			children = (
				579DEC8A24052A7900BFB6EF /* PagesPresent */,
				579DEC8924052A7900BFB6EF /* Products */,
			);
			sourceTree = "<group>";
		};
		579DEC8924052A7900BFB6EF /* Products */ = {
			isa = PBXGroup;
			children = (
				579DEC8824052A7900BFB6EF /* PagesPresent.app */,
			);
			name = Products;
			sourceTree = "<group>";
		};
		579DEC8A24052A7900BFB6EF /* PagesPresent */ = {
			isa = PBXGroup;
			children = (
				579DEC8B24052A7900BFB6EF /* AppDelegate.swift */,
				579DEC8D24052A7900BFB6EF /* SceneDelegate.swift */,
				579DEC8F24052A7900BFB6EF /* ViewController.swift */,
				579DEC9124052A7900BFB6EF /* Main.storyboard */,
				579DEC9424052A7D00BFB6EF /* Assets.xcassets */,
				579DEC9624052A7D00BFB6EF /* LaunchScreen.storyboard */,
				579DEC9924052A7D00BFB6EF /* Info.plist */,
			);
			path = PagesPresent;
			sourceTree = "<group>";
		};
/* End PBXGroup section */

/* Begin PBXNativeTarget section */
		579DEC8724052A7900BFB6EF /* PagesPresent */ = {
			isa = PBXNativeTarget;
			buildConfigurationList = 579DEC9C24052A7D00BFB6EF /* Build configuration list for PBXNativeTarget "PagesPresent" */;
			buildPhases = (
				579DEC8424052A7900BFB6EF /* Sources */,
				579DEC8524052A7900BFB6EF /* Frameworks */,
				579DEC8624052A7900BFB6EF /* Resources */,
			);
			buildRules = (
			);
			dependencies = (
			);
			name = PagesPresent;
			productName = PagesPresent;
			productReference = 579DEC8824052A7900BFB6EF /* PagesPresent.app */;
			productType = "com.apple.product-type.application";
		};
/* End PBXNativeTarget section */

/* Begin PBXProject section */
		579DEC8024052A7900BFB6EF /* Project object */ = {
			isa = PBXProject;
			attributes = {
				LastSwiftUpdateCheck = 1130;
				LastUpgradeCheck = 1130;
				ORGANIZATIONNAME = "Sсherbakova Elizaveta Nikolaevna";
				TargetAttributes = {
					579DEC8724052A7900BFB6EF = {
						CreatedOnToolsVersion = 11.3.1;
					};
				};
			};
			buildConfigurationList = 579DEC8324052A7900BFB6EF /* Build configuration list for PBXProject "PagesPresent" */;
			compatibilityVersion = "Xcode 9.3";
			developmentRegion = en;
			hasScannedForEncodings = 0;
			knownRegions = (
				en,
				Base,
			);
			mainGroup = 579DEC7F24052A7900BFB6EF;
			productRefGroup = 579DEC8924052A7900BFB6EF /* Products */;
			projectDirPath = "";
			projectRoot = "";
			targets = (
				579DEC8724052A7900BFB6EF /* PagesPresent */,
			);
		};
/* End PBXProject section */

/* Begin PBXResourcesBuildPhase section */
		579DEC8624052A7900BFB6EF /* Resources */ = {
			isa = PBXResourcesBuildPhase;
			buildActionMask = 2147483647;
			files = (
				579DEC9824052A7D00BFB6EF /* LaunchScreen.storyboard in Resources */,
				579DEC9524052A7D00BFB6EF /* Assets.xcassets in Resources */,
				579DEC9324052A7900BFB6EF /* Main.storyboard in Resources */,
			);
			runOnlyForDeploymentPostprocessing = 0;
		};
/* End PBXResourcesBuildPhase section */

/* Begin PBXSourcesBuildPhase section */
		579DEC8424052A7900BFB6EF /* Sources */ = {
			isa = PBXSourcesBuildPhase;
			buildActionMask = 2147483647;
			files = (
				579DEC9024052A7900BFB6EF /* ViewController.swift in Sources */,
				579DEC8C24052A7900BFB6EF /* AppDelegate.swift in Sources */,
				579DEC8E24052A7900BFB6EF /* SceneDelegate.swift in Sources */,
			);
			runOnlyForDeploymentPostprocessing = 0;
		};
/* End PBXSourcesBuildPhase section */

/* Begin PBXVariantGroup section */
		579DEC9124052A7900BFB6EF /* Main.storyboard */ = {
			isa = PBXVariantGroup;
			children = (
				579DEC9224052A7900BFB6EF /* Base */,
			);
			name = Main.storyboard;
			sourceTree = "<group>";
		};
		579DEC9624052A7D00BFB6EF /* LaunchScreen.storyboard */ = {
			isa = PBXVariantGroup;
			children = (
				579DEC9724052A7D00BFB6EF /* Base */,
			);
			name = LaunchScreen.storyboard;
			sourceTree = "<group>";
		};
/* End PBXVariantGroup section */

/* Begin XCBuildConfiguration section */
		579DEC9A24052A7D00BFB6EF /* Debug */ = {
			isa = XCBuildConfiguration;
			buildSettings = {
				ALWAYS_SEARCH_USER_PATHS = NO;
				CLANG_ANALYZER_NONNULL = YES;
				CLANG_ANALYZER_NUMBER_OBJECT_CONVERSION = YES_AGGRESSIVE;
				CLANG_CXX_LANGUAGE_STANDARD = "gnu++14";
				CLANG_CXX_LIBRARY = "libc++";
				CLANG_ENABLE_MODULES = YES;
				CLANG_ENABLE_OBJC_ARC = YES;
				CLANG_ENABLE_OBJC_WEAK = YES;
				CLANG_WARN_BLOCK_CAPTURE_AUTORELEASING = YES;
				CLANG_WARN_BOOL_CONVERSION = YES;
				CLANG_WARN_COMMA = YES;
				CLANG_WARN_CONSTANT_CONVERSION = YES;
				CLANG_WARN_DEPRECATED_OBJC_IMPLEMENTATIONS = YES;
				CLANG_WARN_DIRECT_OBJC_ISA_USAGE = YES_ERROR;
				CLANG_WARN_DOCUMENTATION_COMMENTS = YES;
				CLANG_WARN_EMPTY_BODY = YES;
				CLANG_WARN_ENUM_CONVERSION = YES;
				CLANG_WARN_INFINITE_RECURSION = YES;
				CLANG_WARN_INT_CONVERSION = YES;
				CLANG_WARN_NON_LITERAL_NULL_CONVERSION = YES;
				CLANG_WARN_OBJC_IMPLICIT_RETAIN_SELF = YES;
				CLANG_WARN_OBJC_LITERAL_CONVERSION = YES;
				CLANG_WARN_OBJC_ROOT_CLASS = YES_ERROR;
				CLANG_WARN_RANGE_LOOP_ANALYSIS = YES;
				CLANG_WARN_STRICT_PROTOTYPES = YES;
				CLANG_WARN_SUSPICIOUS_MOVE = YES;
				CLANG_WARN_UNGUARDED_AVAILABILITY = YES_AGGRESSIVE;
				CLANG_WARN_UNREACHABLE_CODE = YES;
				CLANG_WARN__DUPLICATE_METHOD_MATCH = YES;
				COPY_PHASE_STRIP = NO;
				DEBUG_INFORMATION_FORMAT = dwarf;
				ENABLE_STRICT_OBJC_MSGSEND = YES;
				ENABLE_TESTABILITY = YES;
				GCC_C_LANGUAGE_STANDARD = gnu11;
				GCC_DYNAMIC_NO_PIC = NO;
				GCC_NO_COMMON_BLOCKS = YES;
				GCC_OPTIMIZATION_LEVEL = 0;
				GCC_PREPROCESSOR_DEFINITIONS = (
					"DEBUG=1",
					"$(inherited)",
				);
				GCC_WARN_64_TO_32_BIT_CONVERSION = YES;
				GCC_WARN_ABOUT_RETURN_TYPE = YES_ERROR;
				GCC_WARN_UNDECLARED_SELECTOR = YES;
				GCC_WARN_UNINITIALIZED_AUTOS = YES_AGGRESSIVE;
				GCC_WARN_UNUSED_FUNCTION = YES;
				GCC_WARN_UNUSED_VARIABLE = YES;
				IPHONEOS_DEPLOYMENT_TARGET = 13.2;
				MTL_ENABLE_DEBUG_INFO = INCLUDE_SOURCE;
				MTL_FAST_MATH = YES;
				ONLY_ACTIVE_ARCH = YES;
				SDKROOT = iphoneos;
				SWIFT_ACTIVE_COMPILATION_CONDITIONS = DEBUG;
				SWIFT_OPTIMIZATION_LEVEL = "-Onone";
			};
			name = Debug;
		};
		579DEC9B24052A7D00BFB6EF /* Release */ = {
			isa = XCBuildConfiguration;
			buildSettings = {
				ALWAYS_SEARCH_USER_PATHS = NO;
				CLANG_ANALYZER_NONNULL = YES;
				CLANG_ANALYZER_NUMBER_OBJECT_CONVERSION = YES_AGGRESSIVE;
				CLANG_CXX_LANGUAGE_STANDARD = "gnu++14";
				CLANG_CXX_LIBRARY = "libc++";
				CLANG_ENABLE_MODULES = YES;
				CLANG_ENABLE_OBJC_ARC = YES;
				CLANG_ENABLE_OBJC_WEAK = YES;
				CLANG_WARN_BLOCK_CAPTURE_AUTORELEASING = YES;
				CLANG_WARN_BOOL_CONVERSION = YES;
				CLANG_WARN_COMMA = YES;
				CLANG_WARN_CONSTANT_CONVERSION = YES;
				CLANG_WARN_DEPRECATED_OBJC_IMPLEMENTATIONS = YES;
				CLANG_WARN_DIRECT_OBJC_ISA_USAGE = YES_ERROR;
				CLANG_WARN_DOCUMENTATION_COMMENTS = YES;
				CLANG_WARN_EMPTY_BODY = YES;
				CLANG_WARN_ENUM_CONVERSION = YES;
				CLANG_WARN_INFINITE_RECURSION = YES;
				CLANG_WARN_INT_CONVERSION = YES;
				CLANG_WARN_NON_LITERAL_NULL_CONVERSION = YES;
				CLANG_WARN_OBJC_IMPLICIT_RETAIN_SELF = YES;
				CLANG_WARN_OBJC_LITERAL_CONVERSION = YES;
				CLANG_WARN_OBJC_ROOT_CLASS = YES_ERROR;
				CLANG_WARN_RANGE_LOOP_ANALYSIS = YES;
				CLANG_WARN_STRICT_PROTOTYPES = YES;
				CLANG_WARN_SUSPICIOUS_MOVE = YES;
				CLANG_WARN_UNGUARDED_AVAILABILITY = YES_AGGRESSIVE;
				CLANG_WARN_UNREACHABLE_CODE = YES;
				CLANG_WARN__DUPLICATE_METHOD_MATCH = YES;
				COPY_PHASE_STRIP = NO;
				DEBUG_INFORMATION_FORMAT = "dwarf-with-dsym";
				ENABLE_NS_ASSERTIONS = NO;
				ENABLE_STRICT_OBJC_MSGSEND = YES;
				GCC_C_LANGUAGE_STANDARD = gnu11;
				GCC_NO_COMMON_BLOCKS = YES;
				GCC_WARN_64_TO_32_BIT_CONVERSION = YES;
				GCC_WARN_ABOUT_RETURN_TYPE = YES_ERROR;
				GCC_WARN_UNDECLARED_SELECTOR = YES;
				GCC_WARN_UNINITIALIZED_AUTOS = YES_AGGRESSIVE;
				GCC_WARN_UNUSED_FUNCTION = YES;
				GCC_WARN_UNUSED_VARIABLE = YES;
				IPHONEOS_DEPLOYMENT_TARGET = 13.2;
				MTL_ENABLE_DEBUG_INFO = NO;
				MTL_FAST_MATH = YES;
				SDKROOT = iphoneos;
				SWIFT_COMPILATION_MODE = wholemodule;
				SWIFT_OPTIMIZATION_LEVEL = "-O";
				VALIDATE_PRODUCT = YES;
			};
			name = Release;
		};
		579DEC9D24052A7D00BFB6EF /* Debug */ = {
			isa = XCBuildConfiguration;
			buildSettings = {
				ASSETCATALOG_COMPILER_APPICON_NAME = AppIcon;
				CODE_SIGN_STYLE = Automatic;
				DEVELOPMENT_TEAM = XF39B6752N;
				INFOPLIST_FILE = PagesPresent/Info.plist;
				LD_RUNPATH_SEARCH_PATHS = (
					"$(inherited)",
					"@executable_path/Frameworks",
				);
				PRODUCT_BUNDLE_IDENTIFIER = "S-herbakova-Elizaveta-Nikolaevna.PagesPresent";
				PRODUCT_NAME = "$(TARGET_NAME)";
				SWIFT_VERSION = 5.0;
				TARGETED_DEVICE_FAMILY = "1,2";
			};
			name = Debug;
		};
		579DEC9E24052A7D00BFB6EF /* Release */ = {
			isa = XCBuildConfiguration;
			buildSettings = {
				ASSETCATALOG_COMPILER_APPICON_NAME = AppIcon;
				CODE_SIGN_STYLE = Automatic;
				DEVELOPMENT_TEAM = XF39B6752N;
				INFOPLIST_FILE = PagesPresent/Info.plist;
				LD_RUNPATH_SEARCH_PATHS = (
					"$(inherited)",
					"@executable_path/Frameworks",
				);
				PRODUCT_BUNDLE_IDENTIFIER = "S-herbakova-Elizaveta-Nikolaevna.PagesPresent";
				PRODUCT_NAME = "$(TARGET_NAME)";
				SWIFT_VERSION = 5.0;
				TARGETED_DEVICE_FAMILY = "1,2";
			};
			name = Release;
		};
/* End XCBuildConfiguration section */

/* Begin XCConfigurationList section */
		579DEC8324052A7900BFB6EF /* Build configuration list for PBXProject "PagesPresent" */ = {
			isa = XCConfigurationList;
			buildConfigurations = (
				579DEC9A24052A7D00BFB6EF /* Debug */,
				579DEC9B24052A7D00BFB6EF /* Release */,
			);
			defaultConfigurationIsVisible = 0;
			defaultConfigurationName = Release;
		};
		579DEC9C24052A7D00BFB6EF /* Build configuration list for PBXNativeTarget "PagesPresent" */ = {
			isa = XCConfigurationList;
			buildConfigurations = (
				579DEC9D24052A7D00BFB6EF /* Debug */,
				579DEC9E24052A7D00BFB6EF /* Release */,
			);
			defaultConfigurationIsVisible = 0;
			defaultConfigurationName = Release;
		};
/* End XCConfigurationList section */
	};
	rootObject = 579DEC8024052A7900BFB6EF /* Project object */;
}
